
Microsoft Visual Studio Solution File, Format Version 12.00
# Visual Studio Version 17
VisualStudioVersion = 17.10.35201.131
MinimumVisualStudioVersion = 10.0.40219.1
Project("{FAE04EC0-301F-11D3-BF4B-00C04F79EFBC}") = "b2cpractice", "b2cpractice\b2cpractice.csproj", "{3AE61E5D-4F2A-41BF-87C4-C8C46CABAAE1}"
EndProject
Global
	GlobalSection(SolutionConfigurationPlatforms) = preSolution
		Debug|Any CPU = Debug|Any CPU
		Release|Any CPU = Release|Any CPU
	EndGlobalSection
	GlobalSection(ProjectConfigurationPlatforms) = postSolution
		{3AE61E5D-4F2A-41BF-87C4-C8C46CABAAE1}.Debug|Any CPU.ActiveCfg = Debug|Any CPU
		{3AE61E5D-4F2A-41BF-87C4-C8C46CABAAE1}.Debug|Any CPU.Build.0 = Debug|Any CPU
		{3AE61E5D-4F2A-41BF-87C4-C8C46CABAAE1}.Release|Any CPU.ActiveCfg = Release|Any CPU
		{3AE61E5D-4F2A-41BF-87C4-C8C46CABAAE1}.Release|Any CPU.Build.0 = Release|Any CPU
	EndGlobalSection
	GlobalSection(SolutionProperties) = preSolution
		HideSolutionNode = FALSE
	EndGlobalSection
	GlobalSection(ExtensibilityGlobals) = postSolution
		SolutionGuid = {D285477E-25FA-4E32-B98D-D6D231C7810B}
	EndGlobalSection
EndGlobal
